{
  "name": "MyPrivateStatistics",
  "lockfileVersion": 3,
  "requires": true,
  "packages": {
    "": {
      "devDependencies": {
        "@evilmartians/lefthook": "^2.1.6"
      }
    },
    "node_modules/@evilmartians/lefthook": {
      "version": "2.1.6",
      "resolved": "https://registry.npmjs.org/@evilmartians/lefthook/-/lefthook-2.1.6.tgz",
      "integrity": "sha512-ysZbzryf74wlISmgm0PH/n1lJ0HD7AHmI6DoJgWO9qzIETQknhGdmKbkOi0MjLYtiOHWQl8Dr2qwg0ksDpNZjA==",
      "cpu": [
        "x64",
        "arm64",
        "ia32"
      ],
      "dev": true,
      "hasInstallScript": true,
      "license": "MIT",
      "os": [
        "darwin",
        "linux",
        "win32"
      ],
      "bin": {
        "lefthook": "bin/index.js"
      }
    }
  }
}
